
Microsoft Visual Studio Solution File, Format Version 12.00
# Visual Studio Version 16
VisualStudioVersion = 16.0.30907.101
MinimumVisualStudioVersion = 10.0.40219.1
Project("{FAE04EC0-301F-11D3-BF4B-00C04F79EFBC}") = "EjemploACO", "EjemploACO\EjemploACO.csproj", "{6FBB2553-576C-4A26-8282-1924C4C69585}"
EndProject
Global
	GlobalSection(SolutionConfigurationPlatforms) = preSolution
		Debug|Any CPU = Debug|Any CPU
		Release|Any CPU = Release|Any CPU
	EndGlobalSection
	GlobalSection(ProjectConfigurationPlatforms) = postSolution
		{6FBB2553-576C-4A26-8282-1924C4C69585}.Debug|Any CPU.ActiveCfg = Debug|Any CPU
		{6FBB2553-576C-4A26-8282-1924C4C69585}.Debug|Any CPU.Build.0 = Debug|Any CPU
		{6FBB2553-576C-4A26-8282-1924C4C69585}.Release|Any CPU.ActiveCfg = Release|Any CPU
		{6FBB2553-576C-4A26-8282-1924C4C69585}.Release|Any CPU.Build.0 = Release|Any CPU
	EndGlobalSection
	GlobalSection(SolutionProperties) = preSolution
		HideSolutionNode = FALSE
	EndGlobalSection
	GlobalSection(ExtensibilityGlobals) = postSolution
		SolutionGuid = {2885C61D-68E2-44DB-B9B1-19DDBB15536D}
	EndGlobalSection
EndGlobal
